
Microsoft Visual Studio Solution File, Format Version 12.00
# Visual Studio Version 16
VisualStudioVersion = 16.0.31129.286
MinimumVisualStudioVersion = 10.0.40219.1
Project("{FAE04EC0-301F-11D3-BF4B-00C04F79EFBC}") = "Esacco", "Esacco\Esacco.csproj", "{AF163A9C-2030-453D-AF48-FCD470599162}"
EndProject
Global
	GlobalSection(SolutionConfigurationPlatforms) = preSolution
		Debug|Any CPU = Debug|Any CPU
		Release|Any CPU = Release|Any CPU
	EndGlobalSection
	GlobalSection(ProjectConfigurationPlatforms) = postSolution
		{AF163A9C-2030-453D-AF48-FCD470599162}.Debug|Any CPU.ActiveCfg = Debug|Any CPU
		{AF163A9C-2030-453D-AF48-FCD470599162}.Debug|Any CPU.Build.0 = Debug|Any CPU
		{AF163A9C-2030-453D-AF48-FCD470599162}.Release|Any CPU.ActiveCfg = Release|Any CPU
		{AF163A9C-2030-453D-AF48-FCD470599162}.Release|Any CPU.Build.0 = Release|Any CPU
	EndGlobalSection
	GlobalSection(SolutionProperties) = preSolution
		HideSolutionNode = FALSE
	EndGlobalSection
	GlobalSection(ExtensibilityGlobals) = postSolution
		SolutionGuid = {5202493D-8EDF-46F6-9E5E-DE89BCFBAE60}
	EndGlobalSection
EndGlobal
